
Microsoft Visual Studio Solution File, Format Version 11.00
# Visual Studio 2010
Project("{8BC9CEB8-8B4A-11D0-8D11-00A0C91BC942}") = "TerrainLoading", "TerrainLoading\TerrainLoading.vcxproj", "{F4DE48E5-4405-4F23-BC71-C86E890A30BF}"
EndProject
Global
	GlobalSection(SolutionConfigurationPlatforms) = preSolution
		Debug|Win32 = Debug|Win32
		Release|Win32 = Release|Win32
	EndGlobalSection
	GlobalSection(ProjectConfigurationPlatforms) = postSolution
		{F4DE48E5-4405-4F23-BC71-C86E890A30BF}.Debug|Win32.ActiveCfg = Debug|Win32
		{F4DE48E5-4405-4F23-BC71-C86E890A30BF}.Debug|Win32.Build.0 = Debug|Win32
		{F4DE48E5-4405-4F23-BC71-C86E890A30BF}.Release|Win32.ActiveCfg = Release|Win32
		{F4DE48E5-4405-4F23-BC71-C86E890A30BF}.Release|Win32.Build.0 = Release|Win32
	EndGlobalSection
	GlobalSection(SolutionProperties) = preSolution
		HideSolutionNode = FALSE
	EndGlobalSection
EndGlobal
